{
  "requires": true,
  "lockfileVersion": 1,
  "dependencies": {
    "jquery": {
      "version": "3.4.1",
      "resolved": "https://registry.npmjs.org/jquery/-/jquery-3.4.1.tgz",
      "integrity": "sha512-36+AdBzCL+y6qjw5Tx7HgzeGCzC81MDDgaUP8ld2zhx58HdqXGoBd+tHdrBMiyjGQs0Hxs/MLZTu/eHNJJuWPw=="
    },
    "survey-jquery": {
      "version": "1.5.4",
      "resolved": "https://registry.npmjs.org/survey-jquery/-/survey-jquery-1.5.4.tgz",
      "integrity": "sha512-BsaGXEUgXqf+41JA6eCCLgIqBVjVqJZZnt4lVt4PsaV//b/7kaKjx+tFYVzJymk4Q6ZTwscXp2gVj4HVeTbkAg==",
      "requires": {
        "jquery": ">=1.12.4"
      }
    }
  }
}
